
Microsoft Visual Studio Solution File, Format Version 12.00
# Visual Studio Version 16
VisualStudioVersion = 16.0.29920.165
MinimumVisualStudioVersion = 10.0.40219.1
Project("{9A19103F-16F7-4668-BE54-9A1E7A4F7556}") = "ApiChatHubV2", "ApiChatHubV2\ApiChatHubV2.csproj", "{4749FFAA-ADF4-40DC-B4E7-04E0E137C6FB}"
EndProject
Project("{9A19103F-16F7-4668-BE54-9A1E7A4F7556}") = "ChatHubDotnetCoreAngular", "ChatHubDotnetCoreAngular\ChatHubDotnetCoreAngular.csproj", "{C18FB777-299F-4D9F-8A3C-6245112CC27D}"
EndProject
Global
	GlobalSection(SolutionConfigurationPlatforms) = preSolution
		Debug|Any CPU = Debug|Any CPU
		Release|Any CPU = Release|Any CPU
	EndGlobalSection
	GlobalSection(ProjectConfigurationPlatforms) = postSolution
		{4749FFAA-ADF4-40DC-B4E7-04E0E137C6FB}.Debug|Any CPU.ActiveCfg = Debug|Any CPU
		{4749FFAA-ADF4-40DC-B4E7-04E0E137C6FB}.Debug|Any CPU.Build.0 = Debug|Any CPU
		{4749FFAA-ADF4-40DC-B4E7-04E0E137C6FB}.Release|Any CPU.ActiveCfg = Release|Any CPU
		{4749FFAA-ADF4-40DC-B4E7-04E0E137C6FB}.Release|Any CPU.Build.0 = Release|Any CPU
		{C18FB777-299F-4D9F-8A3C-6245112CC27D}.Debug|Any CPU.ActiveCfg = Debug|Any CPU
		{C18FB777-299F-4D9F-8A3C-6245112CC27D}.Debug|Any CPU.Build.0 = Debug|Any CPU
		{C18FB777-299F-4D9F-8A3C-6245112CC27D}.Release|Any CPU.ActiveCfg = Release|Any CPU
		{C18FB777-299F-4D9F-8A3C-6245112CC27D}.Release|Any CPU.Build.0 = Release|Any CPU
	EndGlobalSection
	GlobalSection(SolutionProperties) = preSolution
		HideSolutionNode = FALSE
	EndGlobalSection
	GlobalSection(ExtensibilityGlobals) = postSolution
		SolutionGuid = {6A56CC2E-631E-4465-B034-37F16EA37F2F}
	EndGlobalSection
EndGlobal
